
Microsoft Visual Studio Solution File, Format Version 12.00
# Visual Studio Version 16
VisualStudioVersion = 16.0.31424.327
MinimumVisualStudioVersion = 10.0.40219.1
Project("{FAE04EC0-301F-11D3-BF4B-00C04F79EFBC}") = "Services_Booking_System", "Services_Booking_System\Services_Booking_System.csproj", "{97C4D27C-BF66-4903-8718-791D6CACC283}"
EndProject
Global
	GlobalSection(SolutionConfigurationPlatforms) = preSolution
		Debug|Any CPU = Debug|Any CPU
		Release|Any CPU = Release|Any CPU
	EndGlobalSection
	GlobalSection(ProjectConfigurationPlatforms) = postSolution
		{97C4D27C-BF66-4903-8718-791D6CACC283}.Debug|Any CPU.ActiveCfg = Debug|Any CPU
		{97C4D27C-BF66-4903-8718-791D6CACC283}.Debug|Any CPU.Build.0 = Debug|Any CPU
		{97C4D27C-BF66-4903-8718-791D6CACC283}.Release|Any CPU.ActiveCfg = Release|Any CPU
		{97C4D27C-BF66-4903-8718-791D6CACC283}.Release|Any CPU.Build.0 = Release|Any CPU
	EndGlobalSection
	GlobalSection(SolutionProperties) = preSolution
		HideSolutionNode = FALSE
	EndGlobalSection
	GlobalSection(ExtensibilityGlobals) = postSolution
		SolutionGuid = {F335FFDB-AEC3-4203-90AA-35B8F0B26915}
	EndGlobalSection
EndGlobal
